# This file is automatically @generated by Cargo.
# It is not intended for manual editing.
version = 3

[[package]]
name = "async-trait"
version = "0.1.74"
source = "registry+https://github.com/rust-lang/crates.io-index"
checksum = "a66537f1bb974b254c98ed142ff995236e81b9d0fe4db0575f46612cb15eb0f9"
dependencies = [
 "proc-macro2",
 "quote",
 "syn",
]

[[package]]
name = "autocfg"
version = "1.1.0"
source = "registry+https://github.com/rust-lang/crates.io-index"
checksum = "d468802bab17cbc0cc575e9b053f41e72aa36bfa6b7f55e3529ffa43161b97fa"

[[package]]
name = "bitflags"
version = "1.3.2"
source = "registry+https://github.com/rust-lang/crates.io-index"
checksum = "bef38d45163c2f1dde094a7dfd33ccf595c92905c8f8f4fdc18d06fb1037718a"

[[package]]
name = "cfg-if"
version = "1.0.0"
source = "registry+https://github.com/rust-lang/crates.io-index"
checksum = "baf1de4339761588bc0619e3cbc0120ee582ebb74b53b4efbf79117bd2da40fd"

[[package]]
name = "chunky-vec"
version = "0.1.0"
source = "registry+https://github.com/rust-lang/crates.io-index"
checksum = "bb7bdea464ae038f09197b82430b921c53619fc8d2bcaf7b151013b3ca008017"

[[package]]
name = "command"
version = "0.1.0"
dependencies = [
 "libc",
 "rcommon",
 "rhelp",
]

[[package]]
name = "displaydoc"
version = "0.2.4"
source = "registry+https://github.com/rust-lang/crates.io-index"
checksum = "487585f4d0c6655fe74905e2504d8ad6908e4db67f744eb140876906c2f3175d"
dependencies = [
 "proc-macro2",
 "quote",
 "syn",
]

[[package]]
name = "elsa"
version = "1.9.0"
source = "registry+https://github.com/rust-lang/crates.io-index"
checksum = "714f766f3556b44e7e4776ad133fcc3445a489517c25c704ace411bb14790194"
dependencies = [
 "stable_deref_trait",
]

[[package]]
name = "fluent"
version = "0.16.0"
source = "registry+https://github.com/rust-lang/crates.io-index"
checksum = "61f69378194459db76abd2ce3952b790db103ceb003008d3d50d97c41ff847a7"
dependencies = [
 "fluent-bundle",
 "unic-langid",
]

[[package]]
name = "fluent-bundle"
version = "0.15.2"
source = "registry+https://github.com/rust-lang/crates.io-index"
checksum = "e242c601dec9711505f6d5bbff5bedd4b61b2469f2e8bb8e57ee7c9747a87ffd"
dependencies = [
 "fluent-langneg",
 "fluent-syntax",
 "intl-memoizer",
 "intl_pluralrules",
 "rustc-hash",
 "self_cell",
 "smallvec",
 "unic-langid",
]

[[package]]
name = "fluent-fallback"
version = "0.7.0"
source = "registry+https://github.com/rust-lang/crates.io-index"
checksum = "08fdcccdeb6c01cb085f2bb3420506e6c67f025cee5db047529838c673a7d82b"
dependencies = [
 "async-trait",
 "chunky-vec",
 "fluent-bundle",
 "futures",
 "once_cell",
 "rustc-hash",
 "unic-langid",
]

[[package]]
name = "fluent-langneg"
version = "0.13.0"
source = "registry+https://github.com/rust-lang/crates.io-index"
checksum = "2c4ad0989667548f06ccd0e306ed56b61bd4d35458d54df5ec7587c0e8ed5e94"
dependencies = [
 "unic-langid",
]

[[package]]
name = "fluent-resmgr"
version = "0.0.6"
source = "registry+https://github.com/rust-lang/crates.io-index"
checksum = "f7144b87452708dd3217fdb41aefb74cf261fde09cd055ee2e1f4634b5beb380"
dependencies = [
 "elsa",
 "fluent-bundle",
 "fluent-fallback",
 "futures",
 "rustc-hash",
 "unic-langid",
]

[[package]]
name = "fluent-syntax"
version = "0.11.0"
source = "registry+https://github.com/rust-lang/crates.io-index"
checksum = "c0abed97648395c902868fee9026de96483933faa54ea3b40d652f7dfe61ca78"
dependencies = [
 "thiserror",
]

[[package]]
name = "futures"
version = "0.3.29"
source = "registry+https://github.com/rust-lang/crates.io-index"
checksum = "da0290714b38af9b4a7b094b8a37086d1b4e61f2df9122c3cad2577669145335"
dependencies = [
 "futures-channel",
 "futures-core",
 "futures-executor",
 "futures-io",
 "futures-sink",
 "futures-task",
 "futures-util",
]

[[package]]
name = "futures-channel"
version = "0.3.29"
source = "registry+https://github.com/rust-lang/crates.io-index"
checksum = "ff4dd66668b557604244583e3e1e1eada8c5c2e96a6d0d6653ede395b78bbacb"
dependencies = [
 "futures-core",
 "futures-sink",
]

[[package]]
name = "futures-core"
version = "0.3.29"
source = "registry+https://github.com/rust-lang/crates.io-index"
checksum = "eb1d22c66e66d9d72e1758f0bd7d4fd0bee04cad842ee34587d68c07e45d088c"

[[package]]
name = "futures-executor"
version = "0.3.29"
source = "registry+https://github.com/rust-lang/crates.io-index"
checksum = "0f4fb8693db0cf099eadcca0efe2a5a22e4550f98ed16aba6c48700da29597bc"
dependencies = [
 "futures-core",
 "futures-task",
 "futures-util",
]

[[package]]
name = "futures-io"
version = "0.3.29"
source = "registry+https://github.com/rust-lang/crates.io-index"
checksum = "8bf34a163b5c4c52d0478a4d757da8fb65cabef42ba90515efee0f6f9fa45aaa"

[[package]]
name = "futures-macro"
version = "0.3.29"
source = "registry+https://github.com/rust-lang/crates.io-index"
checksum = "53b153fd91e4b0147f4aced87be237c98248656bb01050b96bf3ee89220a8ddb"
dependencies = [
 "proc-macro2",
 "quote",
 "syn",
]

[[package]]
name = "futures-sink"
version = "0.3.29"
source = "registry+https://github.com/rust-lang/crates.io-index"
checksum = "e36d3378ee38c2a36ad710c5d30c2911d752cb941c00c72dbabfb786a7970817"

[[package]]
name = "futures-task"
version = "0.3.29"
source = "registry+https://github.com/rust-lang/crates.io-index"
checksum = "efd193069b0ddadc69c46389b740bbccdd97203899b48d09c5f7969591d6bae2"

[[package]]
name = "futures-util"
version = "0.3.29"
source = "registry+https://github.com/rust-lang/crates.io-index"
checksum = "a19526d624e703a3179b3d322efec918b6246ea0fa51d41124525f00f1cc8104"
dependencies = [
 "futures-channel",
 "futures-core",
 "futures-io",
 "futures-macro",
 "futures-sink",
 "futures-task",
 "memchr",
 "pin-project-lite",
 "pin-utils",
 "slab",
]

[[package]]
name = "intl-memoizer"
version = "0.5.1"
source = "registry+https://github.com/rust-lang/crates.io-index"
checksum = "c310433e4a310918d6ed9243542a6b83ec1183df95dff8f23f87bb88a264a66f"
dependencies = [
 "type-map",
 "unic-langid",
]

[[package]]
name = "intl_pluralrules"
version = "7.0.2"
source = "registry+https://github.com/rust-lang/crates.io-index"
checksum = "078ea7b7c29a2b4df841a7f6ac8775ff6074020c6776d48491ce2268e068f972"
dependencies = [
 "unic-langid",
]

[[package]]
name = "lazy_static"
version = "1.4.0"
source = "registry+https://github.com/rust-lang/crates.io-index"
checksum = "e2abad23fbc42b3700f2f279844dc832adb2b2eb069b2df918f455c4e18cc646"

[[package]]
name = "libc"
version = "0.2.150"
source = "registry+https://github.com/rust-lang/crates.io-index"
checksum = "89d92a4743f9a61002fae18374ed11e7973f530cb3a3255fb354818118b2203c"

[[package]]
name = "libloading"
version = "0.8.1"
source = "registry+https://github.com/rust-lang/crates.io-index"
checksum = "c571b676ddfc9a8c12f1f3d3085a7b163966a8fd8098a90640953ce5f6170161"
dependencies = [
 "cfg-if",
 "windows-sys",
]

[[package]]
name = "memchr"
version = "2.5.0"
source = "registry+https://github.com/rust-lang/crates.io-index"
checksum = "2dffe52ecf27772e601905b7522cb4ef790d2cc203488bbd0e2fe85fcb74566d"

[[package]]
name = "memoffset"
version = "0.6.5"
source = "registry+https://github.com/rust-lang/crates.io-index"
checksum = "5aa361d4faea93603064a027415f07bd8e1d5c88c9fbf68bf56a285428fd79ce"
dependencies = [
 "autocfg",
]

[[package]]
name = "nix"
version = "0.25.1"
source = "registry+https://github.com/rust-lang/crates.io-index"
checksum = "f346ff70e7dbfd675fe90590b92d59ef2de15a8779ae305ebcbfd3f0caf59be4"
dependencies = [
 "autocfg",
 "bitflags",
 "cfg-if",
 "libc",
 "memoffset",
 "pin-utils",
]

[[package]]
name = "once_cell"
version = "1.17.2"
source = "registry+https://github.com/rust-lang/crates.io-index"
checksum = "9670a07f94779e00908f3e686eab508878ebb390ba6e604d3a284c00e8d0487b"

[[package]]
name = "pin-project-lite"
version = "0.2.13"
source = "registry+https://github.com/rust-lang/crates.io-index"
checksum = "8afb450f006bf6385ca15ef45d71d2288452bc3683ce2e2cacc0d18e4be60b58"

[[package]]
name = "pin-utils"
version = "0.1.0"
source = "registry+https://github.com/rust-lang/crates.io-index"
checksum = "8b870d8c151b6f2fb93e84a13146138f05d02ed11c7e7c54f8826aaaf7c9f184"

[[package]]
name = "proc-macro2"
version = "1.0.69"
source = "registry+https://github.com/rust-lang/crates.io-index"
checksum = "134c189feb4956b20f6f547d2cf727d4c0fe06722b20a0eec87ed445a97f92da"
dependencies = [
 "unicode-ident",
]

[[package]]
name = "quote"
version = "1.0.33"
source = "registry+https://github.com/rust-lang/crates.io-index"
checksum = "5267fca4496028628a95160fc423a33e8b2e6af8a5302579e322e4b520293cae"
dependencies = [
 "proc-macro2",
]

[[package]]
name = "r_alias"
version = "0.1.0"
dependencies = [
 "libc",
 "r_bash",
 "r_readline",
 "r_shell",
 "rcommon",
]

[[package]]
name = "r_array"
version = "0.1.0"
dependencies = [
 "libc",
 "r_bash",
 "rcommon",
]

[[package]]
name = "r_assoc"
version = "0.1.0"
dependencies = [
 "libc",
 "r_bash",
 "rcommon",
]

[[package]]
name = "r_bash"
version = "0.1.0"
dependencies = [
 "libc",
 "rcommon",
]

[[package]]
name = "r_bashhist"
version = "0.1.0"
dependencies = [
 "libc",
 "r_bash",
]

[[package]]
name = "r_bashline"
version = "0.1.0"
dependencies = [
 "libc",
 "r_bash",
 "r_bracecomp",
 "r_readline",
 "r_shell",
 "rcommon",
]

[[package]]
name = "r_bracecomp"
version = "0.1.0"
dependencies = [
 "libc",
 "r_bash",
 "rcommon",
]

[[package]]
name = "r_braces"
version = "0.1.0"
dependencies = [
 "libc",
 "r_bash",
]

[[package]]
name = "r_copycmd"
version = "0.1.0"
dependencies = [
 "libc",
 "nix",
 "r_bash",
 "r_shell",
 "rcommon",
]

[[package]]
name = "r_dispose_cmd"
version = "0.1.0"
dependencies = [
 "libc",
 "r_bash",
 "r_execute_cmd",
 "rcommon",
]

[[package]]
name = "r_eval"
version = "0.1.0"
dependencies = [
 "libc",
 "r_bash",
]

[[package]]
name = "r_execute_cmd"
version = "0.1.0"
dependencies = [
 "libc",
 "r_bash",
 "r_jobs",
 "rcommon",
 "rexec_cmd",
]

[[package]]
name = "r_findcmd"
version = "0.1.0"
dependencies = [
 "libc",
 "r_bash",
 "r_execute_cmd",
 "r_shell",
]

[[package]]
name = "r_flags"
version = "0.1.0"
dependencies = [
 "libc",
 "nix",
 "r_bash",
 "rcommon",
]

[[package]]
name = "r_glob"
version = "0.1.0"

[[package]]
name = "r_hashcmd"
version = "0.1.0"
dependencies = [
 "libc",
 "r_bash",
]

[[package]]
name = "r_hashlib"
version = "0.1.0"
dependencies = [
 "libc",
 "r_bash",
]

[[package]]
name = "r_jobs"
version = "0.1.0"
dependencies = [
 "libc",
 "r_bash",
 "rcommon",
 "stdext",
]

[[package]]
name = "r_list"
version = "0.1.0"
dependencies = [
 "libc",
 "nix",
 "r_bash",
 "rcommon",
 "stdext",
]

[[package]]
name = "r_locale"
version = "0.1.0"
dependencies = [
 "libc",
 "r_shell",
]

[[package]]
name = "r_mailcheck"
version = "0.1.0"
dependencies = [
 "libc",
 "r_bash",
]

[[package]]
name = "r_make_cmd"
version = "0.1.0"
dependencies = [
 "libc",
 "r_bash",
 "r_eval",
 "r_shell",
 "rcommon",
]

[[package]]
name = "r_mksyntax"
version = "0.1.0"
dependencies = [
 "libc",
 "r_bash",
]

[[package]]
name = "r_nojobs"
version = "0.1.0"
dependencies = [
 "libc",
 "r_bash",
]

[[package]]
name = "r_pcomplib"
version = "0.1.0"
dependencies = [
 "libc",
 "r_bash",
 "r_shell",
 "rcommon",
]

[[package]]
name = "r_print_cmd"
version = "0.1.0"
dependencies = [
 "libc",
 "r_bash",
 "rcommon",
]

[[package]]
name = "r_readline"
version = "0.1.0"
dependencies = [
 "rcommon",
]

[[package]]
name = "r_redir"
version = "0.1.0"
dependencies = [
 "libc",
 "r_bash",
 "rcommon",
 "stdext",
]

[[package]]
name = "r_shell"
version = "0.1.0"
dependencies = [
 "libc",
 "r_bash",
 "rcommon",
]

[[package]]
name = "r_sig"
version = "0.1.0"
dependencies = [
 "libc",
 "r_bash",
 "r_readline",
 "rcommon",
]

[[package]]
name = "r_stringlib"
version = "0.1.0"
dependencies = [
 "libc",
 "r_bash",
]

[[package]]
name = "r_trap"
version = "0.1.0"
dependencies = [
 "libc",
 "nix",
 "r_bash",
 "r_shell",
 "rcommon",
]

[[package]]
name = "r_variables"
version = "0.1.0"
dependencies = [
 "libc",
 "r_bash",
 "rcommon",
]

[[package]]
name = "r_y_tab"
version = "0.1.0"
dependencies = [
 "libc",
]

[[package]]
name = "ralias"
version = "0.1.0"
dependencies = [
 "libc",
 "rcmd",
 "rcommon",
 "rhelp",
]

[[package]]
name = "rbind"
version = "0.1.0"
dependencies = [
 "libc",
 "nix",
 "rcommon",
 "rhelp",
]

[[package]]
name = "rbreak"
version = "0.0.1"
dependencies = [
 "libc",
 "nix",
 "rcommon",
 "rhelp",
]

[[package]]
name = "rbuiltin"
version = "0.1.0"
dependencies = [
 "libc",
 "rcmd",
 "rcommon",
 "rhelp",
]

[[package]]
name = "rcaller"
version = "0.1.0"
dependencies = [
 "libc",
 "rcommon",
 "rhelp",
 "rread",
]

[[package]]
name = "rcd"
version = "0.0.1"
dependencies = [
 "lazy_static",
 "libc",
 "nix",
 "rcommon",
 "rhelp",
]

[[package]]
name = "rcmd"
version = "0.1.0"
dependencies = [
 "lazy_static",
]

[[package]]
name = "rcolon"
version = "0.1.0"
dependencies = [
 "libc",
 "rcommon",
 "rhelp",
]

[[package]]
name = "rcommon"
version = "0.1.0"
dependencies = [
 "fluent",
 "fluent-bundle",
 "fluent-resmgr",
 "libc",
 "nix",
 "unic-langid",
]

[[package]]
name = "rcomplete"
version = "0.0.1"
dependencies = [
 "lazy_static",
 "libc",
 "nix",
 "rcommon",
 "rhelp",
]

[[package]]
name = "rdeclare"
version = "0.0.1"
dependencies = [
 "lazy_static",
 "libc",
 "nix",
 "rcommon",
 "rhelp",
 "rsetattr",
]

[[package]]
name = "recho"
version = "0.1.0"
dependencies = [
 "libc",
 "rcommon",
 "rhelp",
]

[[package]]
name = "renable"
version = "0.1.0"
dependencies = [
 "libc",
 "libloading",
 "rcmd",
 "rcommon",
 "rhelp",
]

[[package]]
name = "reval"
version = "0.1.0"
dependencies = [
 "libc",
 "rcommon",
 "rhelp",
]

[[package]]
name = "rexec"
version = "0.1.0"
dependencies = [
 "libc",
 "nix",
 "rcommon",
 "rhelp",
]

[[package]]
name = "rexec_cmd"
version = "0.0.1"
dependencies = [
 "command",
 "libc",
 "r_bash",
 "ralias",
 "rbind",
 "rbreak",
 "rbuiltin",
 "rcaller",
 "rcd",
 "rcmd",
 "rcolon",
 "rcommon",
 "rcomplete",
 "rdeclare",
 "recho",
 "renable",
 "reval",
 "rexec",
 "rexit",
 "rfc",
 "rfg_bg",
 "rgetopts",
 "rhash",
 "rhelp",
 "rhistory",
 "rjobs",
 "rkill",
 "rlet",
 "rmapfile",
 "rprintf",
 "rpushd",
 "rread",
 "rreturn",
 "rset",
 "rsetattr",
 "rshift",
 "rshopt",
 "rsource",
 "rsuspend",
 "rtest",
 "rtimes",
 "rtrap",
 "rtype",
 "rulimit",
 "rumask",
 "rwait",
]

[[package]]
name = "rexit"
version = "0.1.0"
dependencies = [
 "libc",
 "nix",
 "rcommon",
 "rhelp",
 "rjobs",
]

[[package]]
name = "rfc"
version = "0.0.1"
dependencies = [
 "lazy_static",
 "libc",
 "nix",
 "rcommon",
 "rhelp",
]

[[package]]
name = "rfg_bg"
version = "0.0.1"
dependencies = [
 "lazy_static",
 "libc",
 "nix",
 "rcommon",
 "rhelp",
]

[[package]]
name = "rgetopts"
version = "0.0.1"
dependencies = [
 "lazy_static",
 "libc",
 "nix",
 "rcommon",
 "rhelp",
]

[[package]]
name = "rhash"
version = "0.1.0"
dependencies = [
 "libc",
 "rcommon",
 "rhelp",
 "rread",
]

[[package]]
name = "rhelp"
version = "0.0.1"
dependencies = [
 "fluent",
 "fluent-bundle",
 "fluent-resmgr",
 "libc",
 "nix",
 "rcommon",
]

[[package]]
name = "rhistory"
version = "0.1.0"
dependencies = [
 "libc",
 "nix",
 "rcommon",
 "rhelp",
]

[[package]]
name = "rjobs"
version = "0.0.1"
dependencies = [
 "lazy_static",
 "libc",
 "nix",
 "rcommon",
 "rhelp",
]

[[package]]
name = "rkill"
version = "0.1.0"
dependencies = [
 "libc",
 "nix",
 "rcommon",
 "rhelp",
]

[[package]]
name = "rlet"
version = "0.1.0"
dependencies = [
 "libc",
 "nix",
 "rcommon",
 "rhelp",
]

[[package]]
name = "rmapfile"
version = "0.1.0"
dependencies = [
 "libc",
 "nix",
 "rcommon",
 "rhelp",
]

[[package]]
name = "rprintf"
version = "0.1.0"
dependencies = [
 "libc",
 "nix",
 "rcommon",
 "rhelp",
]

[[package]]
name = "rpushd"
version = "0.0.1"
dependencies = [
 "lazy_static",
 "libc",
 "nix",
 "rcommon",
 "rhelp",
]

[[package]]
name = "rread"
version = "0.1.0"
dependencies = [
 "libc",
 "nix",
 "rcommon",
 "rhelp",
]

[[package]]
name = "rreturn"
version = "0.1.0"
dependencies = [
 "libc",
 "nix",
 "rcommon",
 "rhelp",
]

[[package]]
name = "rsbash"
version = "0.1.0"
dependencies = [
 "intl_pluralrules",
 "libc",
 "r_alias",
 "r_array",
 "r_assoc",
 "r_bash",
 "r_bashhist",
 "r_bashline",
 "r_bracecomp",
 "r_braces",
 "r_copycmd",
 "r_dispose_cmd",
 "r_eval",
 "r_execute_cmd",
 "r_findcmd",
 "r_flags",
 "r_glob",
 "r_hashcmd",
 "r_hashlib",
 "r_jobs",
 "r_list",
 "r_locale",
 "r_mailcheck",
 "r_make_cmd",
 "r_mksyntax",
 "r_nojobs",
 "r_pcomplib",
 "r_print_cmd",
 "r_readline",
 "r_redir",
 "r_shell",
 "r_sig",
 "r_stringlib",
 "r_trap",
 "r_variables",
 "r_y_tab",
 "ralias",
 "rbind",
 "rbreak",
 "rbuiltin",
 "rcaller",
 "rcmd",
 "rcolon",
 "rcommon",
 "rdeclare",
 "recho",
 "renable",
 "reval",
 "rexec",
 "rexec_cmd",
 "rexit",
 "rhash",
 "rhelp",
 "rhistory",
 "rkill",
 "rlet",
 "rmapfile",
 "rprintf",
 "rread",
 "rreturn",
 "rset",
 "rsetattr",
 "rshift",
 "rsource",
 "rsuspend",
 "rtest",
 "rtimes",
 "rtrap",
 "rtype",
 "rulimit",
 "rumask",
 "rwait",
 "tinystr",
]

[[package]]
name = "rset"
version = "0.1.0"
dependencies = [
 "lazy_static",
 "libc",
 "nix",
 "rcommon",
 "rhelp",
]

[[package]]
name = "rsetattr"
version = "0.1.0"
dependencies = [
 "libc",
 "nix",
 "rcommon",
 "rhelp",
 "rread",
]

[[package]]
name = "rshift"
version = "0.1.0"
dependencies = [
 "libc",
 "nix",
 "rcommon",
 "rhelp",
]

[[package]]
name = "rshopt"
version = "0.1.0"
dependencies = [
 "libc",
 "rcommon",
 "rhelp",
 "rset",
]

[[package]]
name = "rsource"
version = "0.0.1"
dependencies = [
 "lazy_static",
 "libc",
 "nix",
 "rcommon",
 "rhelp",
]

[[package]]
name = "rsuspend"
version = "0.1.0"
dependencies = [
 "libc",
 "nix",
 "rcommon",
 "rhelp",
]

[[package]]
name = "rtest"
version = "0.1.0"
dependencies = [
 "libc",
 "nix",
 "rcommon",
 "rhelp",
]

[[package]]
name = "rtimes"
version = "0.1.0"
dependencies = [
 "libc",
 "nix",
 "rcommon",
 "rhelp",
]

[[package]]
name = "rtrap"
version = "0.1.0"
dependencies = [
 "libc",
 "nix",
 "rcommon",
 "rhelp",
]

[[package]]
name = "rtype"
version = "0.0.1"
dependencies = [
 "fluent",
 "fluent-bundle",
 "fluent-resmgr",
 "libc",
 "nix",
 "rcommon",
 "rhelp",
]

[[package]]
name = "rulimit"
version = "0.0.1"
dependencies = [
 "lazy_static",
 "libc",
 "nix",
 "rcommon",
 "rhelp",
]

[[package]]
name = "rumask"
version = "0.1.0"
dependencies = [
 "libc",
 "rcommon",
 "rhelp",
]

[[package]]
name = "rustc-hash"
version = "1.1.0"
source = "registry+https://github.com/rust-lang/crates.io-index"
checksum = "08d43f7aa6b08d49f382cde6a7982047c3426db949b1424bc4b7ec9ae12c6ce2"

[[package]]
name = "rwait"
version = "0.1.0"
dependencies = [
 "libc",
 "nix",
 "rcommon",
 "rhelp",
 "rjobs",
 "rread",
]

[[package]]
name = "self_cell"
version = "0.10.2"
source = "registry+https://github.com/rust-lang/crates.io-index"
checksum = "1ef965a420fe14fdac7dd018862966a4c14094f900e1650bbc71ddd7d580c8af"

[[package]]
name = "slab"
version = "0.4.9"
source = "registry+https://github.com/rust-lang/crates.io-index"
checksum = "8f92a496fb766b417c996b9c5e57daf2f7ad3b0bebe1ccfca4856390e3d3bb67"
dependencies = [
 "autocfg",
]

[[package]]
name = "smallvec"
version = "1.11.2"
source = "registry+https://github.com/rust-lang/crates.io-index"
checksum = "4dccd0940a2dcdf68d092b8cbab7dc0ad8fa938bf95787e1b916b0e3d0e8e970"

[[package]]
name = "stable_deref_trait"
version = "1.2.0"
source = "registry+https://github.com/rust-lang/crates.io-index"
checksum = "a8f112729512f8e442d81f95a8a7ddf2b7c6b8a1a6f509a95864142b30cab2d3"

[[package]]
name = "stdext"
version = "0.3.1"
source = "registry+https://github.com/rust-lang/crates.io-index"
checksum = "6f3b6b32ae82412fb897ef134867d53a294f57ba5b758f06d71e865352c3e207"

[[package]]
name = "syn"
version = "2.0.39"
source = "registry+https://github.com/rust-lang/crates.io-index"
checksum = "23e78b90f2fcf45d3e842032ce32e3f2d1545ba6636271dcbf24fa306d87be7a"
dependencies = [
 "proc-macro2",
 "quote",
 "unicode-ident",
]

[[package]]
name = "thiserror"
version = "1.0.50"
source = "registry+https://github.com/rust-lang/crates.io-index"
checksum = "f9a7210f5c9a7156bb50aa36aed4c95afb51df0df00713949448cf9e97d382d2"
dependencies = [
 "thiserror-impl",
]

[[package]]
name = "thiserror-impl"
version = "1.0.50"
source = "registry+https://github.com/rust-lang/crates.io-index"
checksum = "266b2e40bc00e5a6c09c3584011e08b06f123c00362c92b975ba9843aaaa14b8"
dependencies = [
 "proc-macro2",
 "quote",
 "syn",
]

[[package]]
name = "tinystr"
version = "0.7.1"
source = "registry+https://github.com/rust-lang/crates.io-index"
checksum = "7ac3f5b6856e931e15e07b478e98c8045239829a65f9156d4fa7e7788197a5ef"
dependencies = [
 "displaydoc",
]

[[package]]
name = "type-map"
version = "0.4.0"
source = "registry+https://github.com/rust-lang/crates.io-index"
checksum = "b6d3364c5e96cb2ad1603037ab253ddd34d7fb72a58bdddf4b7350760fc69a46"
dependencies = [
 "rustc-hash",
]

[[package]]
name = "unic-langid"
version = "0.9.1"
source = "registry+https://github.com/rust-lang/crates.io-index"
checksum = "398f9ad7239db44fd0f80fe068d12ff22d78354080332a5077dc6f52f14dcf2f"
dependencies = [
 "unic-langid-impl",
]

[[package]]
name = "unic-langid-impl"
version = "0.9.1"
source = "registry+https://github.com/rust-lang/crates.io-index"
checksum = "e35bfd2f2b8796545b55d7d3fd3e89a0613f68a0d1c8bc28cb7ff96b411a35ff"
dependencies = [
 "tinystr",
]

[[package]]
name = "unicode-ident"
version = "1.0.12"
source = "registry+https://github.com/rust-lang/crates.io-index"
checksum = "3354b9ac3fae1ff6755cb6db53683adb661634f67557942dea4facebec0fee4b"

[[package]]
name = "windows-sys"
version = "0.48.0"
source = "registry+https://github.com/rust-lang/crates.io-index"
checksum = "677d2418bec65e3338edb076e806bc1ec15693c5d0104683f2efe857f61056a9"
dependencies = [
 "windows-targets",
]

[[package]]
name = "windows-targets"
version = "0.48.5"
source = "registry+https://github.com/rust-lang/crates.io-index"
checksum = "9a2fa6e2155d7247be68c096456083145c183cbbbc2764150dda45a87197940c"
dependencies = [
 "windows_aarch64_gnullvm",
 "windows_aarch64_msvc",
 "windows_i686_gnu",
 "windows_i686_msvc",
 "windows_x86_64_gnu",
 "windows_x86_64_gnullvm",
 "windows_x86_64_msvc",
]

[[package]]
name = "windows_aarch64_gnullvm"
version = "0.48.5"
source = "registry+https://github.com/rust-lang/crates.io-index"
checksum = "2b38e32f0abccf9987a4e3079dfb67dcd799fb61361e53e2882c3cbaf0d905d8"

[[package]]
name = "windows_aarch64_msvc"
version = "0.48.5"
source = "registry+https://github.com/rust-lang/crates.io-index"
checksum = "dc35310971f3b2dbbf3f0690a219f40e2d9afcf64f9ab7cc1be722937c26b4bc"

[[package]]
name = "windows_i686_gnu"
version = "0.48.5"
source = "registry+https://github.com/rust-lang/crates.io-index"
checksum = "a75915e7def60c94dcef72200b9a8e58e5091744960da64ec734a6c6e9b3743e"

[[package]]
name = "windows_i686_msvc"
version = "0.48.5"
source = "registry+https://github.com/rust-lang/crates.io-index"
checksum = "8f55c233f70c4b27f66c523580f78f1004e8b5a8b659e05a4eb49d4166cca406"

[[package]]
name = "windows_x86_64_gnu"
version = "0.48.5"
source = "registry+https://github.com/rust-lang/crates.io-index"
checksum = "53d40abd2583d23e4718fddf1ebec84dbff8381c07cae67ff7768bbf19c6718e"

[[package]]
name = "windows_x86_64_gnullvm"
version = "0.48.5"
source = "registry+https://github.com/rust-lang/crates.io-index"
checksum = "0b7b52767868a23d5bab768e390dc5f5c55825b6d30b86c844ff2dc7414044cc"

[[package]]
name = "windows_x86_64_msvc"
version = "0.48.5"
source = "registry+https://github.com/rust-lang/crates.io-index"
checksum = "ed94fce61571a4006852b7389a063ab983c02eb1bb37b47f8272ce92d06d9538"
